{
  "name": "vrtour",
  "lockfileVersion": 2,
  "requires": true,
  "packages": {
    "": {
      "dependencies": {
        "aframe-htmlembed-component": "^1.0.0",
        "three": "^0.171.0"
      }
    },
    "node_modules/aframe-htmlembed-component": {
      "version": "1.0.0",
      "resolved": "https://registry.npmjs.org/aframe-htmlembed-component/-/aframe-htmlembed-component-1.0.0.tgz",
      "integrity": "sha512-zE3OuESH3O1e9oHNOT+ITVDo3gdwuuWfQnITIDs4Ve2fe4+Rm9r/1IL4w7dRwX39s9ihlEcpxbnEyK82a4ua8w=="
    },
    "node_modules/three": {
      "version": "0.171.0",
      "resolved": "https://registry.npmjs.org/three/-/three-0.171.0.tgz",
      "integrity": "sha512-Y/lAXPaKZPcEdkKjh0JOAHVv8OOnv/NDJqm0wjfCzyQmfKxV7zvkwsnBgPBKTzJHToSOhRGQAGbPJObT59B/PQ=="
    }
  },
  "dependencies": {
    "aframe-htmlembed-component": {
      "version": "1.0.0",
      "resolved": "https://registry.npmjs.org/aframe-htmlembed-component/-/aframe-htmlembed-component-1.0.0.tgz",
      "integrity": "sha512-zE3OuESH3O1e9oHNOT+ITVDo3gdwuuWfQnITIDs4Ve2fe4+Rm9r/1IL4w7dRwX39s9ihlEcpxbnEyK82a4ua8w=="
    },
    "three": {
      "version": "0.171.0",
      "resolved": "https://registry.npmjs.org/three/-/three-0.171.0.tgz",
      "integrity": "sha512-Y/lAXPaKZPcEdkKjh0JOAHVv8OOnv/NDJqm0wjfCzyQmfKxV7zvkwsnBgPBKTzJHToSOhRGQAGbPJObT59B/PQ=="
    }
  }
}
